
Microsoft Visual Studio Solution File, Format Version 12.00
# Visual Studio 14
VisualStudioVersion = 14.0.23107.0
MinimumVisualStudioVersion = 10.0.40219.1
Project("{FAE04EC0-301F-11D3-BF4B-00C04F79EFBC}") = "Practice", "Practice\Practice.csproj", "{96C7CB1A-FB46-4900-A14B-C1F024870F64}"
EndProject
Project("{FAE04EC0-301F-11D3-BF4B-00C04F79EFBC}") = "Fibonacci", "Fibonacci\Fibonacci.csproj", "{3C5DE99B-647F-4210-85CD-7281F57AC79F}"
EndProject
Project("{FAE04EC0-301F-11D3-BF4B-00C04F79EFBC}") = "Fibonacci.Test", "Fibonacci.Test\Fibonacci.Test.csproj", "{BE942E1A-1B19-458A-A2FC-71B7D4127DCF}"
EndProject
Project("{FAE04EC0-301F-11D3-BF4B-00C04F79EFBC}") = "RxTest", "RxTest\RxTest.csproj", "{F1321DC6-28E6-4E7D-A38C-C01D17981661}"
EndProject
Global
	GlobalSection(SolutionConfigurationPlatforms) = preSolution
		Debug|Any CPU = Debug|Any CPU
		Release|Any CPU = Release|Any CPU
	EndGlobalSection
	GlobalSection(ProjectConfigurationPlatforms) = postSolution
		{96C7CB1A-FB46-4900-A14B-C1F024870F64}.Debug|Any CPU.ActiveCfg = Debug|Any CPU
		{96C7CB1A-FB46-4900-A14B-C1F024870F64}.Debug|Any CPU.Build.0 = Debug|Any CPU
		{96C7CB1A-FB46-4900-A14B-C1F024870F64}.Release|Any CPU.ActiveCfg = Release|Any CPU
		{96C7CB1A-FB46-4900-A14B-C1F024870F64}.Release|Any CPU.Build.0 = Release|Any CPU
		{3C5DE99B-647F-4210-85CD-7281F57AC79F}.Debug|Any CPU.ActiveCfg = Debug|Any CPU
		{3C5DE99B-647F-4210-85CD-7281F57AC79F}.Debug|Any CPU.Build.0 = Debug|Any CPU
		{3C5DE99B-647F-4210-85CD-7281F57AC79F}.Release|Any CPU.ActiveCfg = Release|Any CPU
		{3C5DE99B-647F-4210-85CD-7281F57AC79F}.Release|Any CPU.Build.0 = Release|Any CPU
		{BE942E1A-1B19-458A-A2FC-71B7D4127DCF}.Debug|Any CPU.ActiveCfg = Debug|Any CPU
		{BE942E1A-1B19-458A-A2FC-71B7D4127DCF}.Debug|Any CPU.Build.0 = Debug|Any CPU
		{BE942E1A-1B19-458A-A2FC-71B7D4127DCF}.Release|Any CPU.ActiveCfg = Release|Any CPU
		{BE942E1A-1B19-458A-A2FC-71B7D4127DCF}.Release|Any CPU.Build.0 = Release|Any CPU
		{F1321DC6-28E6-4E7D-A38C-C01D17981661}.Debug|Any CPU.ActiveCfg = Debug|Any CPU
		{F1321DC6-28E6-4E7D-A38C-C01D17981661}.Debug|Any CPU.Build.0 = Debug|Any CPU
		{F1321DC6-28E6-4E7D-A38C-C01D17981661}.Release|Any CPU.ActiveCfg = Release|Any CPU
		{F1321DC6-28E6-4E7D-A38C-C01D17981661}.Release|Any CPU.Build.0 = Release|Any CPU
	EndGlobalSection
	GlobalSection(SolutionProperties) = preSolution
		HideSolutionNode = FALSE
	EndGlobalSection
EndGlobal
